// !$*UTF8*$!
{
	archiveVersion = 1;
	classes = {
	};
	objectVersion = 56;
	objects = {

/* Begin PBXBuildFile section */
		294AB1CF29120AC1004C7E18 /* AppDelegate.swift in Sources */ = {isa = PBXBuildFile; fileRef = 294AB1CE29120AC1004C7E18 /* AppDelegate.swift */; };
		294AB1D129120AC1004C7E18 /* SceneDelegate.swift in Sources */ = {isa = PBXBuildFile; fileRef = 294AB1D029120AC1004C7E18 /* SceneDelegate.swift */; };
		294AB1D629120AC1004C7E18 /* Main.storyboard in Resources */ = {isa = PBXBuildFile; fileRef = 294AB1D429120AC1004C7E18 /* Main.storyboard */; };
		294AB1D829120AC3004C7E18 /* Assets.xcassets in Resources */ = {isa = PBXBuildFile; fileRef = 294AB1D729120AC3004C7E18 /* Assets.xcassets */; };
		294AB1DB29120AC3004C7E18 /* LaunchScreen.storyboard in Resources */ = {isa = PBXBuildFile; fileRef = 294AB1D929120AC3004C7E18 /* LaunchScreen.storyboard */; };
		295722BD29131360003CCFC4 /* FIrstViewController.swift in Sources */ = {isa = PBXBuildFile; fileRef = 295722BC29131360003CCFC4 /* FIrstViewController.swift */; };
		295722BF291314C3003CCFC4 /* SignUpViewController.swift in Sources */ = {isa = PBXBuildFile; fileRef = 295722BE291314C3003CCFC4 /* SignUpViewController.swift */; };
		295722C1291314D3003CCFC4 /* SignOnViewController.swift in Sources */ = {isa = PBXBuildFile; fileRef = 295722C0291314D3003CCFC4 /* SignOnViewController.swift */; };
		297122CD29187D5500DFB003 /* PhotoViewController.swift in Sources */ = {isa = PBXBuildFile; fileRef = 297122CC29187D5500DFB003 /* PhotoViewController.swift */; };
		29B539DD2913552800A08C18 /* MessageViewController.swift in Sources */ = {isa = PBXBuildFile; fileRef = 29B539DC2913552800A08C18 /* MessageViewController.swift */; };
		29B539DF291355DC00A08C18 /* MessageCell.swift in Sources */ = {isa = PBXBuildFile; fileRef = 29B539DE291355DC00A08C18 /* MessageCell.swift */; };
		B2C62745A3F265FFFD65981B /* Pods_Tail_Together.framework in Frameworks */ = {isa = PBXBuildFile; fileRef = 3CDB2283869B981A206C086B /* Pods_Tail_Together.framework */; };
/* End PBXBuildFile section */

/* Begin PBXFileReference section */
		294AB1CB29120AC1004C7E18 /* Tail Together.app */ = {isa = PBXFileReference; explicitFileType = wrapper.application; includeInIndex = 0; path = "Tail Together.app"; sourceTree = BUILT_PRODUCTS_DIR; };
		294AB1CE29120AC1004C7E18 /* AppDelegate.swift */ = {isa = PBXFileReference; lastKnownFileType = sourcecode.swift; path = AppDelegate.swift; sourceTree = "<group>"; };
		294AB1D029120AC1004C7E18 /* SceneDelegate.swift */ = {isa = PBXFileReference; lastKnownFileType = sourcecode.swift; path = SceneDelegate.swift; sourceTree = "<group>"; };
		294AB1D529120AC1004C7E18 /* Base */ = {isa = PBXFileReference; lastKnownFileType = file.storyboard; name = Base; path = Base.lproj/Main.storyboard; sourceTree = "<group>"; };
		294AB1D729120AC3004C7E18 /* Assets.xcassets */ = {isa = PBXFileReference; lastKnownFileType = folder.assetcatalog; path = Assets.xcassets; sourceTree = "<group>"; };
		294AB1DA29120AC3004C7E18 /* Base */ = {isa = PBXFileReference; lastKnownFileType = file.storyboard; name = Base; path = Base.lproj/LaunchScreen.storyboard; sourceTree = "<group>"; };
		294AB1DC29120AC3004C7E18 /* Info.plist */ = {isa = PBXFileReference; lastKnownFileType = text.plist.xml; path = Info.plist; sourceTree = "<group>"; };
		295722BC29131360003CCFC4 /* FIrstViewController.swift */ = {isa = PBXFileReference; lastKnownFileType = sourcecode.swift; path = FIrstViewController.swift; sourceTree = "<group>"; };
		295722BE291314C3003CCFC4 /* SignUpViewController.swift */ = {isa = PBXFileReference; lastKnownFileType = sourcecode.swift; path = SignUpViewController.swift; sourceTree = "<group>"; };
		295722C0291314D3003CCFC4 /* SignOnViewController.swift */ = {isa = PBXFileReference; lastKnownFileType = sourcecode.swift; path = SignOnViewController.swift; sourceTree = "<group>"; };
		297122CC29187D5500DFB003 /* PhotoViewController.swift */ = {isa = PBXFileReference; lastKnownFileType = sourcecode.swift; path = PhotoViewController.swift; sourceTree = "<group>"; };
		29B539DC2913552800A08C18 /* MessageViewController.swift */ = {isa = PBXFileReference; lastKnownFileType = sourcecode.swift; path = MessageViewController.swift; sourceTree = "<group>"; };
		29B539DE291355DC00A08C18 /* MessageCell.swift */ = {isa = PBXFileReference; lastKnownFileType = sourcecode.swift; path = MessageCell.swift; sourceTree = "<group>"; };
		3CDB2283869B981A206C086B /* Pods_Tail_Together.framework */ = {isa = PBXFileReference; explicitFileType = wrapper.framework; includeInIndex = 0; path = Pods_Tail_Together.framework; sourceTree = BUILT_PRODUCTS_DIR; };
		E36083A7524E18A3A1F32D0F /* Pods-Tail Together.debug.xcconfig */ = {isa = PBXFileReference; includeInIndex = 1; lastKnownFileType = text.xcconfig; name = "Pods-Tail Together.debug.xcconfig"; path = "Target Support Files/Pods-Tail Together/Pods-Tail Together.debug.xcconfig"; sourceTree = "<group>"; };
		E7644BBA0AC225F0EA17F8BB /* Pods-Tail Together.release.xcconfig */ = {isa = PBXFileReference; includeInIndex = 1; lastKnownFileType = text.xcconfig; name = "Pods-Tail Together.release.xcconfig"; path = "Target Support Files/Pods-Tail Together/Pods-Tail Together.release.xcconfig"; sourceTree = "<group>"; };
/* End PBXFileReference section */

/* Begin PBXFrameworksBuildPhase section */
		294AB1C829120AC1004C7E18 /* Frameworks */ = {
			isa = PBXFrameworksBuildPhase;
			buildActionMask = 2147483647;
			files = (
				B2C62745A3F265FFFD65981B /* Pods_Tail_Together.framework in Frameworks */,
			);
			runOnlyForDeploymentPostprocessing = 0;
		};
/* End PBXFrameworksBuildPhase section */

/* Begin PBXGroup section */
		11FC02B3ADC369A27A9E1BAE /* Frameworks */ = {
			isa = PBXGroup;
			children = (
				3CDB2283869B981A206C086B /* Pods_Tail_Together.framework */,
			);
			name = Frameworks;
			sourceTree = "<group>";
		};
		294AB1C229120AC1004C7E18 = {
			isa = PBXGroup;
			children = (
				294AB1CD29120AC1004C7E18 /* Tail Together */,
				294AB1CC29120AC1004C7E18 /* Products */,
				D0460D8DB16B7F6CFBDFC494 /* Pods */,
				11FC02B3ADC369A27A9E1BAE /* Frameworks */,
			);
			sourceTree = "<group>";
		};
		294AB1CC29120AC1004C7E18 /* Products */ = {
			isa = PBXGroup;
			children = (
				294AB1CB29120AC1004C7E18 /* Tail Together.app */,
			);
			name = Products;
			sourceTree = "<group>";
		};
		294AB1CD29120AC1004C7E18 /* Tail Together */ = {
			isa = PBXGroup;
			children = (
				297122C829187BAF00DFB003 /* Resources */,
				297122C729187B8F00DFB003 /* Views Models */,
				297122C629187B8200DFB003 /* Models */,
				297122C529187B6B00DFB003 /* Views */,
				297122C429187AE400DFB003 /* Controllers */,
				294AB1DC29120AC3004C7E18 /* Info.plist */,
			);
			path = "Tail Together";
			sourceTree = "<group>";
		};
		297122C429187AE400DFB003 /* Controllers */ = {
			isa = PBXGroup;
			children = (
				295722BC29131360003CCFC4 /* FIrstViewController.swift */,
				297122D429187E8300DFB003 /* Login */,
				D028BAB7292DD473004BFACC /* Profile */,
				D028BAB6292DD462004BFACC /* Messages */,
				D028BAB4292DD3F8004BFACC /* My Events */,
				D028BAB5292DD41B004BFACC /* Create Event */,
				D028BAB3292DD3E5004BFACC /* All Events */,
			);
			path = Controllers;
			sourceTree = "<group>";
		};
		297122C529187B6B00DFB003 /* Views */ = {
			isa = PBXGroup;
			children = (
				297122C929187C1100DFB003 /* Storyboards */,
				294AB1D729120AC3004C7E18 /* Assets.xcassets */,
			);
			path = Views;
			sourceTree = "<group>";
		};
		297122C629187B8200DFB003 /* Models */ = {
			isa = PBXGroup;
			children = (
			);
			path = Models;
			sourceTree = "<group>";
		};
		297122C729187B8F00DFB003 /* Views Models */ = {
			isa = PBXGroup;
			children = (
			);
			path = "Views Models";
			sourceTree = "<group>";
		};
		297122C829187BAF00DFB003 /* Resources */ = {
			isa = PBXGroup;
			children = (
				294AB1CE29120AC1004C7E18 /* AppDelegate.swift */,
				294AB1D029120AC1004C7E18 /* SceneDelegate.swift */,
			);
			path = Resources;
			sourceTree = "<group>";
		};
		297122C929187C1100DFB003 /* Storyboards */ = {
			isa = PBXGroup;
			children = (
				294AB1D929120AC3004C7E18 /* LaunchScreen.storyboard */,
				294AB1D429120AC1004C7E18 /* Main.storyboard */,
			);
			path = Storyboards;
			sourceTree = "<group>";
		};
		297122D429187E8300DFB003 /* Login */ = {
			isa = PBXGroup;
			children = (
				295722BE291314C3003CCFC4 /* SignUpViewController.swift */,
				295722C0291314D3003CCFC4 /* SignOnViewController.swift */,
			);
			path = Login;
			sourceTree = "<group>";
		};
		D028BAB3292DD3E5004BFACC /* All Events */ = {
			isa = PBXGroup;
			children = (
			);
			path = "All Events";
			sourceTree = "<group>";
		};
		D028BAB4292DD3F8004BFACC /* My Events */ = {
			isa = PBXGroup;
			children = (
			);
			path = "My Events";
			sourceTree = "<group>";
		};
		D028BAB5292DD41B004BFACC /* Create Event */ = {
			isa = PBXGroup;
			children = (
			);
			path = "Create Event";
			sourceTree = "<group>";
		};
		D028BAB6292DD462004BFACC /* Messages */ = {
			isa = PBXGroup;
			children = (
				29B539DE291355DC00A08C18 /* MessageCell.swift */,
				29B539DC2913552800A08C18 /* MessageViewController.swift */,
			);
			path = Messages;
			sourceTree = "<group>";
		};
		D028BAB7292DD473004BFACC /* Profile */ = {
			isa = PBXGroup;
			children = (
				297122CC29187D5500DFB003 /* PhotoViewController.swift */,
			);
			path = Profile;
			sourceTree = "<group>";
		};
		D0460D8DB16B7F6CFBDFC494 /* Pods */ = {
			isa = PBXGroup;
			children = (
				E36083A7524E18A3A1F32D0F /* Pods-Tail Together.debug.xcconfig */,
				E7644BBA0AC225F0EA17F8BB /* Pods-Tail Together.release.xcconfig */,
			);
			path = Pods;
			sourceTree = "<group>";
		};
/* End PBXGroup section */

/* Begin PBXNativeTarget section */
		294AB1CA29120AC1004C7E18 /* Tail Together */ = {
			isa = PBXNativeTarget;
			buildConfigurationList = 294AB1DF29120AC3004C7E18 /* Build configuration list for PBXNativeTarget "Tail Together" */;
			buildPhases = (
				896017F03A1779EBEAC27CCF /* [CP] Check Pods Manifest.lock */,
				294AB1C729120AC1004C7E18 /* Sources */,
				294AB1C829120AC1004C7E18 /* Frameworks */,
				294AB1C929120AC1004C7E18 /* Resources */,
				69DE1A4E137B231755E7999C /* [CP] Embed Pods Frameworks */,
			);
			buildRules = (
			);
			dependencies = (
			);
			name = "Tail Together";
			productName = "Tail Together";
			productReference = 294AB1CB29120AC1004C7E18 /* Tail Together.app */;
			productType = "com.apple.product-type.application";
		};
/* End PBXNativeTarget section */

/* Begin PBXProject section */
		294AB1C329120AC1004C7E18 /* Project object */ = {
			isa = PBXProject;
			attributes = {
				BuildIndependentTargetsInParallel = 1;
				LastSwiftUpdateCheck = 1400;
				LastUpgradeCheck = 1400;
				TargetAttributes = {
					294AB1CA29120AC1004C7E18 = {
						CreatedOnToolsVersion = 14.0.1;
					};
				};
			};
			buildConfigurationList = 294AB1C629120AC1004C7E18 /* Build configuration list for PBXProject "Tail Together" */;
			compatibilityVersion = "Xcode 14.0";
			developmentRegion = en;
			hasScannedForEncodings = 0;
			knownRegions = (
				en,
				Base,
			);
			mainGroup = 294AB1C229120AC1004C7E18;
			productRefGroup = 294AB1CC29120AC1004C7E18 /* Products */;
			projectDirPath = "";
			projectRoot = "";
			targets = (
				294AB1CA29120AC1004C7E18 /* Tail Together */,
			);
		};
/* End PBXProject section */

/* Begin PBXResourcesBuildPhase section */
		294AB1C929120AC1004C7E18 /* Resources */ = {
			isa = PBXResourcesBuildPhase;
			buildActionMask = 2147483647;
			files = (
				294AB1DB29120AC3004C7E18 /* LaunchScreen.storyboard in Resources */,
				294AB1D829120AC3004C7E18 /* Assets.xcassets in Resources */,
				294AB1D629120AC1004C7E18 /* Main.storyboard in Resources */,
			);
			runOnlyForDeploymentPostprocessing = 0;
		};
/* End PBXResourcesBuildPhase section */

/* Begin PBXShellScriptBuildPhase section */
		69DE1A4E137B231755E7999C /* [CP] Embed Pods Frameworks */ = {
			isa = PBXShellScriptBuildPhase;
			buildActionMask = 2147483647;
			files = (
			);
			inputFileListPaths = (
				"${PODS_ROOT}/Target Support Files/Pods-Tail Together/Pods-Tail Together-frameworks-${CONFIGURATION}-input-files.xcfilelist",
			);
			name = "[CP] Embed Pods Frameworks";
			outputFileListPaths = (
				"${PODS_ROOT}/Target Support Files/Pods-Tail Together/Pods-Tail Together-frameworks-${CONFIGURATION}-output-files.xcfilelist",
			);
			runOnlyForDeploymentPostprocessing = 0;
			shellPath = /bin/sh;
			shellScript = "\"${PODS_ROOT}/Target Support Files/Pods-Tail Together/Pods-Tail Together-frameworks.sh\"\n";
			showEnvVarsInLog = 0;
		};
		896017F03A1779EBEAC27CCF /* [CP] Check Pods Manifest.lock */ = {
			isa = PBXShellScriptBuildPhase;
			buildActionMask = 2147483647;
			files = (
			);
			inputFileListPaths = (
			);
			inputPaths = (
				"${PODS_PODFILE_DIR_PATH}/Podfile.lock",
				"${PODS_ROOT}/Manifest.lock",
			);
			name = "[CP] Check Pods Manifest.lock";
			outputFileListPaths = (
			);
			outputPaths = (
				"$(DERIVED_FILE_DIR)/Pods-Tail Together-checkManifestLockResult.txt",
			);
			runOnlyForDeploymentPostprocessing = 0;
			shellPath = /bin/sh;
			shellScript = "diff \"${PODS_PODFILE_DIR_PATH}/Podfile.lock\" \"${PODS_ROOT}/Manifest.lock\" > /dev/null\nif [ $? != 0 ] ; then\n    # print error to STDERR\n    echo \"error: The sandbox is not in sync with the Podfile.lock. Run 'pod install' or update your CocoaPods installation.\" >&2\n    exit 1\nfi\n# This output is used by Xcode 'outputs' to avoid re-running this script phase.\necho \"SUCCESS\" > \"${SCRIPT_OUTPUT_FILE_0}\"\n";
			showEnvVarsInLog = 0;
		};
/* End PBXShellScriptBuildPhase section */

/* Begin PBXSourcesBuildPhase section */
		294AB1C729120AC1004C7E18 /* Sources */ = {
			isa = PBXSourcesBuildPhase;
			buildActionMask = 2147483647;
			files = (
				295722BD29131360003CCFC4 /* FIrstViewController.swift in Sources */,
				295722C1291314D3003CCFC4 /* SignOnViewController.swift in Sources */,
				29B539DD2913552800A08C18 /* MessageViewController.swift in Sources */,
				294AB1CF29120AC1004C7E18 /* AppDelegate.swift in Sources */,
				295722BF291314C3003CCFC4 /* SignUpViewController.swift in Sources */,
				294AB1D129120AC1004C7E18 /* SceneDelegate.swift in Sources */,
				29B539DF291355DC00A08C18 /* MessageCell.swift in Sources */,
				297122CD29187D5500DFB003 /* PhotoViewController.swift in Sources */,
			);
			runOnlyForDeploymentPostprocessing = 0;
		};
/* End PBXSourcesBuildPhase section */

/* Begin PBXVariantGroup section */
		294AB1D429120AC1004C7E18 /* Main.storyboard */ = {
			isa = PBXVariantGroup;
			children = (
				294AB1D529120AC1004C7E18 /* Base */,
			);
			name = Main.storyboard;
			sourceTree = "<group>";
		};
		294AB1D929120AC3004C7E18 /* LaunchScreen.storyboard */ = {
			isa = PBXVariantGroup;
			children = (
				294AB1DA29120AC3004C7E18 /* Base */,
			);
			name = LaunchScreen.storyboard;
			sourceTree = "<group>";
		};
/* End PBXVariantGroup section */

/* Begin XCBuildConfiguration section */
		294AB1DD29120AC3004C7E18 /* Debug */ = {
			isa = XCBuildConfiguration;
			buildSettings = {
				ALWAYS_SEARCH_USER_PATHS = NO;
				CLANG_ANALYZER_NONNULL = YES;
				CLANG_ANALYZER_NUMBER_OBJECT_CONVERSION = YES_AGGRESSIVE;
				CLANG_CXX_LANGUAGE_STANDARD = "gnu++20";
				CLANG_ENABLE_MODULES = YES;
				CLANG_ENABLE_OBJC_ARC = YES;
				CLANG_ENABLE_OBJC_WEAK = YES;
				CLANG_WARN_BLOCK_CAPTURE_AUTORELEASING = YES;
				CLANG_WARN_BOOL_CONVERSION = YES;
				CLANG_WARN_COMMA = YES;
				CLANG_WARN_CONSTANT_CONVERSION = YES;
				CLANG_WARN_DEPRECATED_OBJC_IMPLEMENTATIONS = YES;
				CLANG_WARN_DIRECT_OBJC_ISA_USAGE = YES_ERROR;
				CLANG_WARN_DOCUMENTATION_COMMENTS = YES;
				CLANG_WARN_EMPTY_BODY = YES;
				CLANG_WARN_ENUM_CONVERSION = YES;
				CLANG_WARN_INFINITE_RECURSION = YES;
				CLANG_WARN_INT_CONVERSION = YES;
				CLANG_WARN_NON_LITERAL_NULL_CONVERSION = YES;
				CLANG_WARN_OBJC_IMPLICIT_RETAIN_SELF = YES;
				CLANG_WARN_OBJC_LITERAL_CONVERSION = YES;
				CLANG_WARN_OBJC_ROOT_CLASS = YES_ERROR;
				CLANG_WARN_QUOTED_INCLUDE_IN_FRAMEWORK_HEADER = YES;
				CLANG_WARN_RANGE_LOOP_ANALYSIS = YES;
				CLANG_WARN_STRICT_PROTOTYPES = YES;
				CLANG_WARN_SUSPICIOUS_MOVE = YES;
				CLANG_WARN_UNGUARDED_AVAILABILITY = YES_AGGRESSIVE;
				CLANG_WARN_UNREACHABLE_CODE = YES;
				CLANG_WARN__DUPLICATE_METHOD_MATCH = YES;
				COPY_PHASE_STRIP = NO;
				DEBUG_INFORMATION_FORMAT = dwarf;
				ENABLE_STRICT_OBJC_MSGSEND = YES;
				ENABLE_TESTABILITY = YES;
				GCC_C_LANGUAGE_STANDARD = gnu11;
				GCC_DYNAMIC_NO_PIC = NO;
				GCC_NO_COMMON_BLOCKS = YES;
				GCC_OPTIMIZATION_LEVEL = 0;
				GCC_PREPROCESSOR_DEFINITIONS = (
					"DEBUG=1",
					"$(inherited)",
				);
				GCC_WARN_64_TO_32_BIT_CONVERSION = YES;
				GCC_WARN_ABOUT_RETURN_TYPE = YES_ERROR;
				GCC_WARN_UNDECLARED_SELECTOR = YES;
				GCC_WARN_UNINITIALIZED_AUTOS = YES_AGGRESSIVE;
				GCC_WARN_UNUSED_FUNCTION = YES;
				GCC_WARN_UNUSED_VARIABLE = YES;
				IPHONEOS_DEPLOYMENT_TARGET = 16.0;
				MTL_ENABLE_DEBUG_INFO = INCLUDE_SOURCE;
				MTL_FAST_MATH = YES;
				ONLY_ACTIVE_ARCH = YES;
				SDKROOT = iphoneos;
				SWIFT_ACTIVE_COMPILATION_CONDITIONS = DEBUG;
				SWIFT_OPTIMIZATION_LEVEL = "-Onone";
			};
			name = Debug;
		};
		294AB1DE29120AC3004C7E18 /* Release */ = {
			isa = XCBuildConfiguration;
			buildSettings = {
				ALWAYS_SEARCH_USER_PATHS = NO;
				CLANG_ANALYZER_NONNULL = YES;
				CLANG_ANALYZER_NUMBER_OBJECT_CONVERSION = YES_AGGRESSIVE;
				CLANG_CXX_LANGUAGE_STANDARD = "gnu++20";
				CLANG_ENABLE_MODULES = YES;
				CLANG_ENABLE_OBJC_ARC = YES;
				CLANG_ENABLE_OBJC_WEAK = YES;
				CLANG_WARN_BLOCK_CAPTURE_AUTORELEASING = YES;
				CLANG_WARN_BOOL_CONVERSION = YES;
				CLANG_WARN_COMMA = YES;
				CLANG_WARN_CONSTANT_CONVERSION = YES;
				CLANG_WARN_DEPRECATED_OBJC_IMPLEMENTATIONS = YES;
				CLANG_WARN_DIRECT_OBJC_ISA_USAGE = YES_ERROR;
				CLANG_WARN_DOCUMENTATION_COMMENTS = YES;
				CLANG_WARN_EMPTY_BODY = YES;
				CLANG_WARN_ENUM_CONVERSION = YES;
				CLANG_WARN_INFINITE_RECURSION = YES;
				CLANG_WARN_INT_CONVERSION = YES;
				CLANG_WARN_NON_LITERAL_NULL_CONVERSION = YES;
				CLANG_WARN_OBJC_IMPLICIT_RETAIN_SELF = YES;
				CLANG_WARN_OBJC_LITERAL_CONVERSION = YES;
				CLANG_WARN_OBJC_ROOT_CLASS = YES_ERROR;
				CLANG_WARN_QUOTED_INCLUDE_IN_FRAMEWORK_HEADER = YES;
				CLANG_WARN_RANGE_LOOP_ANALYSIS = YES;
				CLANG_WARN_STRICT_PROTOTYPES = YES;
				CLANG_WARN_SUSPICIOUS_MOVE = YES;
				CLANG_WARN_UNGUARDED_AVAILABILITY = YES_AGGRESSIVE;
				CLANG_WARN_UNREACHABLE_CODE = YES;
				CLANG_WARN__DUPLICATE_METHOD_MATCH = YES;
				COPY_PHASE_STRIP = NO;
				DEBUG_INFORMATION_FORMAT = "dwarf-with-dsym";
				ENABLE_NS_ASSERTIONS = NO;
				ENABLE_STRICT_OBJC_MSGSEND = YES;
				GCC_C_LANGUAGE_STANDARD = gnu11;
				GCC_NO_COMMON_BLOCKS = YES;
				GCC_WARN_64_TO_32_BIT_CONVERSION = YES;
				GCC_WARN_ABOUT_RETURN_TYPE = YES_ERROR;
				GCC_WARN_UNDECLARED_SELECTOR = YES;
				GCC_WARN_UNINITIALIZED_AUTOS = YES_AGGRESSIVE;
				GCC_WARN_UNUSED_FUNCTION = YES;
				GCC_WARN_UNUSED_VARIABLE = YES;
				IPHONEOS_DEPLOYMENT_TARGET = 16.0;
				MTL_ENABLE_DEBUG_INFO = NO;
				MTL_FAST_MATH = YES;
				SDKROOT = iphoneos;
				SWIFT_COMPILATION_MODE = wholemodule;
				SWIFT_OPTIMIZATION_LEVEL = "-O";
				VALIDATE_PRODUCT = YES;
			};
			name = Release;
		};
		294AB1E029120AC3004C7E18 /* Debug */ = {
			isa = XCBuildConfiguration;
			baseConfigurationReference = E36083A7524E18A3A1F32D0F /* Pods-Tail Together.debug.xcconfig */;
			buildSettings = {
				ASSETCATALOG_COMPILER_APPICON_NAME = AppIcon;
				ASSETCATALOG_COMPILER_GLOBAL_ACCENT_COLOR_NAME = AccentColor;
				CODE_SIGN_STYLE = Automatic;
				CURRENT_PROJECT_VERSION = 1;
				DEVELOPMENT_TEAM = 259P5YYFWJ;
				GENERATE_INFOPLIST_FILE = YES;
				INFOPLIST_FILE = "Tail Together/Info.plist";
				INFOPLIST_KEY_UIApplicationSupportsIndirectInputEvents = YES;
				INFOPLIST_KEY_UILaunchStoryboardName = LaunchScreen;
				INFOPLIST_KEY_UIMainStoryboardFile = Main;
				INFOPLIST_KEY_UISupportedInterfaceOrientations_iPad = "UIInterfaceOrientationPortrait UIInterfaceOrientationPortraitUpsideDown UIInterfaceOrientationLandscapeLeft UIInterfaceOrientationLandscapeRight";
				INFOPLIST_KEY_UISupportedInterfaceOrientations_iPhone = "UIInterfaceOrientationPortrait UIInterfaceOrientationLandscapeLeft UIInterfaceOrientationLandscapeRight";
				LD_RUNPATH_SEARCH_PATHS = (
					"$(inherited)",
					"@executable_path/Frameworks",
				);
				MARKETING_VERSION = 1.0;
				PRODUCT_BUNDLE_IDENTIFIER = "mrevol.Tail-Together";
				PRODUCT_NAME = "$(TARGET_NAME)";
				SWIFT_EMIT_LOC_STRINGS = YES;
				SWIFT_VERSION = 5.0;
				TARGETED_DEVICE_FAMILY = "1,2";
			};
			name = Debug;
		};
		294AB1E129120AC3004C7E18 /* Release */ = {
			isa = XCBuildConfiguration;
			baseConfigurationReference = E7644BBA0AC225F0EA17F8BB /* Pods-Tail Together.release.xcconfig */;
			buildSettings = {
				ASSETCATALOG_COMPILER_APPICON_NAME = AppIcon;
				ASSETCATALOG_COMPILER_GLOBAL_ACCENT_COLOR_NAME = AccentColor;
				CODE_SIGN_STYLE = Automatic;
				CURRENT_PROJECT_VERSION = 1;
				DEVELOPMENT_TEAM = 259P5YYFWJ;
				GENERATE_INFOPLIST_FILE = YES;
				INFOPLIST_FILE = "Tail Together/Info.plist";
				INFOPLIST_KEY_UIApplicationSupportsIndirectInputEvents = YES;
				INFOPLIST_KEY_UILaunchStoryboardName = LaunchScreen;
				INFOPLIST_KEY_UIMainStoryboardFile = Main;
				INFOPLIST_KEY_UISupportedInterfaceOrientations_iPad = "UIInterfaceOrientationPortrait UIInterfaceOrientationPortraitUpsideDown UIInterfaceOrientationLandscapeLeft UIInterfaceOrientationLandscapeRight";
				INFOPLIST_KEY_UISupportedInterfaceOrientations_iPhone = "UIInterfaceOrientationPortrait UIInterfaceOrientationLandscapeLeft UIInterfaceOrientationLandscapeRight";
				LD_RUNPATH_SEARCH_PATHS = (
					"$(inherited)",
					"@executable_path/Frameworks",
				);
				MARKETING_VERSION = 1.0;
				PRODUCT_BUNDLE_IDENTIFIER = "mrevol.Tail-Together";
				PRODUCT_NAME = "$(TARGET_NAME)";
				SWIFT_EMIT_LOC_STRINGS = YES;
				SWIFT_VERSION = 5.0;
				TARGETED_DEVICE_FAMILY = "1,2";
			};
			name = Release;
		};
/* End XCBuildConfiguration section */

/* Begin XCConfigurationList section */
		294AB1C629120AC1004C7E18 /* Build configuration list for PBXProject "Tail Together" */ = {
			isa = XCConfigurationList;
			buildConfigurations = (
				294AB1DD29120AC3004C7E18 /* Debug */,
				294AB1DE29120AC3004C7E18 /* Release */,
			);
			defaultConfigurationIsVisible = 0;
			defaultConfigurationName = Release;
		};
		294AB1DF29120AC3004C7E18 /* Build configuration list for PBXNativeTarget "Tail Together" */ = {
			isa = XCConfigurationList;
			buildConfigurations = (
				294AB1E029120AC3004C7E18 /* Debug */,
				294AB1E129120AC3004C7E18 /* Release */,
			);
			defaultConfigurationIsVisible = 0;
			defaultConfigurationName = Release;
		};
/* End XCConfigurationList section */
	};
	rootObject = 294AB1C329120AC1004C7E18 /* Project object */;
}
