// !$*UTF8*$!
{
	archiveVersion = 1;
	classes = {
	};
	objectVersion = 56;
	objects = {

/* Begin PBXBuildFile section */
		D0A4007A292460850046BD87 /* AppDelegate.swift in Sources */ = {isa = PBXBuildFile; fileRef = D0A40079292460850046BD87 /* AppDelegate.swift */; };
		D0A4007C292460850046BD87 /* SceneDelegate.swift in Sources */ = {isa = PBXBuildFile; fileRef = D0A4007B292460850046BD87 /* SceneDelegate.swift */; };
		D0A4007E292460850046BD87 /* ViewController.swift in Sources */ = {isa = PBXBuildFile; fileRef = D0A4007D292460850046BD87 /* ViewController.swift */; };
		D0A40081292460850046BD87 /* Main.storyboard in Resources */ = {isa = PBXBuildFile; fileRef = D0A4007F292460850046BD87 /* Main.storyboard */; };
		D0A400832924608B0046BD87 /* Assets.xcassets in Resources */ = {isa = PBXBuildFile; fileRef = D0A400822924608B0046BD87 /* Assets.xcassets */; };
		D0A400862924608B0046BD87 /* LaunchScreen.storyboard in Resources */ = {isa = PBXBuildFile; fileRef = D0A400842924608B0046BD87 /* LaunchScreen.storyboard */; };
		D0A400912924608C0046BD87 /* TailTogetherTests.swift in Sources */ = {isa = PBXBuildFile; fileRef = D0A400902924608C0046BD87 /* TailTogetherTests.swift */; };
		D0A4009B2924608C0046BD87 /* TailTogetherUITests.swift in Sources */ = {isa = PBXBuildFile; fileRef = D0A4009A2924608C0046BD87 /* TailTogetherUITests.swift */; };
		D0A4009D2924608C0046BD87 /* TailTogetherUITestsLaunchTests.swift in Sources */ = {isa = PBXBuildFile; fileRef = D0A4009C2924608C0046BD87 /* TailTogetherUITestsLaunchTests.swift */; };
/* End PBXBuildFile section */

/* Begin PBXContainerItemProxy section */
		D0A4008D2924608C0046BD87 /* PBXContainerItemProxy */ = {
			isa = PBXContainerItemProxy;
			containerPortal = D0A4006E292460840046BD87 /* Project object */;
			proxyType = 1;
			remoteGlobalIDString = D0A40075292460850046BD87;
			remoteInfo = TailTogether;
		};
		D0A400972924608C0046BD87 /* PBXContainerItemProxy */ = {
			isa = PBXContainerItemProxy;
			containerPortal = D0A4006E292460840046BD87 /* Project object */;
			proxyType = 1;
			remoteGlobalIDString = D0A40075292460850046BD87;
			remoteInfo = TailTogether;
		};
/* End PBXContainerItemProxy section */

/* Begin PBXFileReference section */
		D0A40076292460850046BD87 /* TailTogether.app */ = {isa = PBXFileReference; explicitFileType = wrapper.application; includeInIndex = 0; path = TailTogether.app; sourceTree = BUILT_PRODUCTS_DIR; };
		D0A40079292460850046BD87 /* AppDelegate.swift */ = {isa = PBXFileReference; lastKnownFileType = sourcecode.swift; path = AppDelegate.swift; sourceTree = "<group>"; };
		D0A4007B292460850046BD87 /* SceneDelegate.swift */ = {isa = PBXFileReference; lastKnownFileType = sourcecode.swift; path = SceneDelegate.swift; sourceTree = "<group>"; };
		D0A4007D292460850046BD87 /* ViewController.swift */ = {isa = PBXFileReference; lastKnownFileType = sourcecode.swift; path = ViewController.swift; sourceTree = "<group>"; };
		D0A40080292460850046BD87 /* Base */ = {isa = PBXFileReference; lastKnownFileType = file.storyboard; name = Base; path = Base.lproj/Main.storyboard; sourceTree = "<group>"; };
		D0A400822924608B0046BD87 /* Assets.xcassets */ = {isa = PBXFileReference; lastKnownFileType = folder.assetcatalog; path = Assets.xcassets; sourceTree = "<group>"; };
		D0A400852924608B0046BD87 /* Base */ = {isa = PBXFileReference; lastKnownFileType = file.storyboard; name = Base; path = Base.lproj/LaunchScreen.storyboard; sourceTree = "<group>"; };
		D0A400872924608B0046BD87 /* Info.plist */ = {isa = PBXFileReference; lastKnownFileType = text.plist.xml; path = Info.plist; sourceTree = "<group>"; };
		D0A4008C2924608C0046BD87 /* TailTogetherTests.xctest */ = {isa = PBXFileReference; explicitFileType = wrapper.cfbundle; includeInIndex = 0; path = TailTogetherTests.xctest; sourceTree = BUILT_PRODUCTS_DIR; };
		D0A400902924608C0046BD87 /* TailTogetherTests.swift */ = {isa = PBXFileReference; lastKnownFileType = sourcecode.swift; path = TailTogetherTests.swift; sourceTree = "<group>"; };
		D0A400962924608C0046BD87 /* TailTogetherUITests.xctest */ = {isa = PBXFileReference; explicitFileType = wrapper.cfbundle; includeInIndex = 0; path = TailTogetherUITests.xctest; sourceTree = BUILT_PRODUCTS_DIR; };
		D0A4009A2924608C0046BD87 /* TailTogetherUITests.swift */ = {isa = PBXFileReference; lastKnownFileType = sourcecode.swift; path = TailTogetherUITests.swift; sourceTree = "<group>"; };
		D0A4009C2924608C0046BD87 /* TailTogetherUITestsLaunchTests.swift */ = {isa = PBXFileReference; lastKnownFileType = sourcecode.swift; path = TailTogetherUITestsLaunchTests.swift; sourceTree = "<group>"; };
/* End PBXFileReference section */

/* Begin PBXFrameworksBuildPhase section */
		D0A40073292460850046BD87 /* Frameworks */ = {
			isa = PBXFrameworksBuildPhase;
			buildActionMask = 2147483647;
			files = (
			);
			runOnlyForDeploymentPostprocessing = 0;
		};
		D0A400892924608C0046BD87 /* Frameworks */ = {
			isa = PBXFrameworksBuildPhase;
			buildActionMask = 2147483647;
			files = (
			);
			runOnlyForDeploymentPostprocessing = 0;
		};
		D0A400932924608C0046BD87 /* Frameworks */ = {
			isa = PBXFrameworksBuildPhase;
			buildActionMask = 2147483647;
			files = (
			);
			runOnlyForDeploymentPostprocessing = 0;
		};
/* End PBXFrameworksBuildPhase section */

/* Begin PBXGroup section */
		D0A4006D292460840046BD87 = {
			isa = PBXGroup;
			children = (
				D0A40078292460850046BD87 /* TailTogether */,
				D0A4008F2924608C0046BD87 /* TailTogetherTests */,
				D0A400992924608C0046BD87 /* TailTogetherUITests */,
				D0A40077292460850046BD87 /* Products */,
			);
			sourceTree = "<group>";
		};
		D0A40077292460850046BD87 /* Products */ = {
			isa = PBXGroup;
			children = (
				D0A40076292460850046BD87 /* TailTogether.app */,
				D0A4008C2924608C0046BD87 /* TailTogetherTests.xctest */,
				D0A400962924608C0046BD87 /* TailTogetherUITests.xctest */,
			);
			name = Products;
			sourceTree = "<group>";
		};
		D0A40078292460850046BD87 /* TailTogether */ = {
			isa = PBXGroup;
			children = (
				D0A40079292460850046BD87 /* AppDelegate.swift */,
				D0A4007B292460850046BD87 /* SceneDelegate.swift */,
				D0A4007D292460850046BD87 /* ViewController.swift */,
				D0A4007F292460850046BD87 /* Main.storyboard */,
				D0A400822924608B0046BD87 /* Assets.xcassets */,
				D0A400842924608B0046BD87 /* LaunchScreen.storyboard */,
				D0A400872924608B0046BD87 /* Info.plist */,
			);
			path = TailTogether;
			sourceTree = "<group>";
		};
		D0A4008F2924608C0046BD87 /* TailTogetherTests */ = {
			isa = PBXGroup;
			children = (
				D0A400902924608C0046BD87 /* TailTogetherTests.swift */,
			);
			path = TailTogetherTests;
			sourceTree = "<group>";
		};
		D0A400992924608C0046BD87 /* TailTogetherUITests */ = {
			isa = PBXGroup;
			children = (
				D0A4009A2924608C0046BD87 /* TailTogetherUITests.swift */,
				D0A4009C2924608C0046BD87 /* TailTogetherUITestsLaunchTests.swift */,
			);
			path = TailTogetherUITests;
			sourceTree = "<group>";
		};
/* End PBXGroup section */

/* Begin PBXNativeTarget section */
		D0A40075292460850046BD87 /* TailTogether */ = {
			isa = PBXNativeTarget;
			buildConfigurationList = D0A400A02924608C0046BD87 /* Build configuration list for PBXNativeTarget "TailTogether" */;
			buildPhases = (
				D0A40072292460850046BD87 /* Sources */,
				D0A40073292460850046BD87 /* Frameworks */,
				D0A40074292460850046BD87 /* Resources */,
			);
			buildRules = (
			);
			dependencies = (
			);
			name = TailTogether;
			productName = TailTogether;
			productReference = D0A40076292460850046BD87 /* TailTogether.app */;
			productType = "com.apple.product-type.application";
		};
		D0A4008B2924608C0046BD87 /* TailTogetherTests */ = {
			isa = PBXNativeTarget;
			buildConfigurationList = D0A400A32924608C0046BD87 /* Build configuration list for PBXNativeTarget "TailTogetherTests" */;
			buildPhases = (
				D0A400882924608C0046BD87 /* Sources */,
				D0A400892924608C0046BD87 /* Frameworks */,
				D0A4008A2924608C0046BD87 /* Resources */,
			);
			buildRules = (
			);
			dependencies = (
				D0A4008E2924608C0046BD87 /* PBXTargetDependency */,
			);
			name = TailTogetherTests;
			productName = TailTogetherTests;
			productReference = D0A4008C2924608C0046BD87 /* TailTogetherTests.xctest */;
			productType = "com.apple.product-type.bundle.unit-test";
		};
		D0A400952924608C0046BD87 /* TailTogetherUITests */ = {
			isa = PBXNativeTarget;
			buildConfigurationList = D0A400A62924608C0046BD87 /* Build configuration list for PBXNativeTarget "TailTogetherUITests" */;
			buildPhases = (
				D0A400922924608C0046BD87 /* Sources */,
				D0A400932924608C0046BD87 /* Frameworks */,
				D0A400942924608C0046BD87 /* Resources */,
			);
			buildRules = (
			);
			dependencies = (
				D0A400982924608C0046BD87 /* PBXTargetDependency */,
			);
			name = TailTogetherUITests;
			productName = TailTogetherUITests;
			productReference = D0A400962924608C0046BD87 /* TailTogetherUITests.xctest */;
			productType = "com.apple.product-type.bundle.ui-testing";
		};
/* End PBXNativeTarget section */

/* Begin PBXProject section */
		D0A4006E292460840046BD87 /* Project object */ = {
			isa = PBXProject;
			attributes = {
				BuildIndependentTargetsInParallel = 1;
				LastSwiftUpdateCheck = 1410;
				LastUpgradeCheck = 1410;
				TargetAttributes = {
					D0A40075292460850046BD87 = {
						CreatedOnToolsVersion = 14.1;
					};
					D0A4008B2924608C0046BD87 = {
						CreatedOnToolsVersion = 14.1;
						TestTargetID = D0A40075292460850046BD87;
					};
					D0A400952924608C0046BD87 = {
						CreatedOnToolsVersion = 14.1;
						TestTargetID = D0A40075292460850046BD87;
					};
				};
			};
			buildConfigurationList = D0A40071292460840046BD87 /* Build configuration list for PBXProject "TailTogether" */;
			compatibilityVersion = "Xcode 14.0";
			developmentRegion = en;
			hasScannedForEncodings = 0;
			knownRegions = (
				en,
				Base,
			);
			mainGroup = D0A4006D292460840046BD87;
			productRefGroup = D0A40077292460850046BD87 /* Products */;
			projectDirPath = "";
			projectRoot = "";
			targets = (
				D0A40075292460850046BD87 /* TailTogether */,
				D0A4008B2924608C0046BD87 /* TailTogetherTests */,
				D0A400952924608C0046BD87 /* TailTogetherUITests */,
			);
		};
/* End PBXProject section */

/* Begin PBXResourcesBuildPhase section */
		D0A40074292460850046BD87 /* Resources */ = {
			isa = PBXResourcesBuildPhase;
			buildActionMask = 2147483647;
			files = (
				D0A400862924608B0046BD87 /* LaunchScreen.storyboard in Resources */,
				D0A400832924608B0046BD87 /* Assets.xcassets in Resources */,
				D0A40081292460850046BD87 /* Main.storyboard in Resources */,
			);
			runOnlyForDeploymentPostprocessing = 0;
		};
		D0A4008A2924608C0046BD87 /* Resources */ = {
			isa = PBXResourcesBuildPhase;
			buildActionMask = 2147483647;
			files = (
			);
			runOnlyForDeploymentPostprocessing = 0;
		};
		D0A400942924608C0046BD87 /* Resources */ = {
			isa = PBXResourcesBuildPhase;
			buildActionMask = 2147483647;
			files = (
			);
			runOnlyForDeploymentPostprocessing = 0;
		};
/* End PBXResourcesBuildPhase section */

/* Begin PBXSourcesBuildPhase section */
		D0A40072292460850046BD87 /* Sources */ = {
			isa = PBXSourcesBuildPhase;
			buildActionMask = 2147483647;
			files = (
				D0A4007E292460850046BD87 /* ViewController.swift in Sources */,
				D0A4007A292460850046BD87 /* AppDelegate.swift in Sources */,
				D0A4007C292460850046BD87 /* SceneDelegate.swift in Sources */,
			);
			runOnlyForDeploymentPostprocessing = 0;
		};
		D0A400882924608C0046BD87 /* Sources */ = {
			isa = PBXSourcesBuildPhase;
			buildActionMask = 2147483647;
			files = (
				D0A400912924608C0046BD87 /* TailTogetherTests.swift in Sources */,
			);
			runOnlyForDeploymentPostprocessing = 0;
		};
		D0A400922924608C0046BD87 /* Sources */ = {
			isa = PBXSourcesBuildPhase;
			buildActionMask = 2147483647;
			files = (
				D0A4009D2924608C0046BD87 /* TailTogetherUITestsLaunchTests.swift in Sources */,
				D0A4009B2924608C0046BD87 /* TailTogetherUITests.swift in Sources */,
			);
			runOnlyForDeploymentPostprocessing = 0;
		};
/* End PBXSourcesBuildPhase section */

/* Begin PBXTargetDependency section */
		D0A4008E2924608C0046BD87 /* PBXTargetDependency */ = {
			isa = PBXTargetDependency;
			target = D0A40075292460850046BD87 /* TailTogether */;
			targetProxy = D0A4008D2924608C0046BD87 /* PBXContainerItemProxy */;
		};
		D0A400982924608C0046BD87 /* PBXTargetDependency */ = {
			isa = PBXTargetDependency;
			target = D0A40075292460850046BD87 /* TailTogether */;
			targetProxy = D0A400972924608C0046BD87 /* PBXContainerItemProxy */;
		};
/* End PBXTargetDependency section */

/* Begin PBXVariantGroup section */
		D0A4007F292460850046BD87 /* Main.storyboard */ = {
			isa = PBXVariantGroup;
			children = (
				D0A40080292460850046BD87 /* Base */,
			);
			name = Main.storyboard;
			sourceTree = "<group>";
		};
		D0A400842924608B0046BD87 /* LaunchScreen.storyboard */ = {
			isa = PBXVariantGroup;
			children = (
				D0A400852924608B0046BD87 /* Base */,
			);
			name = LaunchScreen.storyboard;
			sourceTree = "<group>";
		};
/* End PBXVariantGroup section */

/* Begin XCBuildConfiguration section */
		D0A4009E2924608C0046BD87 /* Debug */ = {
			isa = XCBuildConfiguration;
			buildSettings = {
				ALWAYS_SEARCH_USER_PATHS = NO;
				CLANG_ANALYZER_NONNULL = YES;
				CLANG_ANALYZER_NUMBER_OBJECT_CONVERSION = YES_AGGRESSIVE;
				CLANG_CXX_LANGUAGE_STANDARD = "gnu++20";
				CLANG_ENABLE_MODULES = YES;
				CLANG_ENABLE_OBJC_ARC = YES;
				CLANG_ENABLE_OBJC_WEAK = YES;
				CLANG_WARN_BLOCK_CAPTURE_AUTORELEASING = YES;
				CLANG_WARN_BOOL_CONVERSION = YES;
				CLANG_WARN_COMMA = YES;
				CLANG_WARN_CONSTANT_CONVERSION = YES;
				CLANG_WARN_DEPRECATED_OBJC_IMPLEMENTATIONS = YES;
				CLANG_WARN_DIRECT_OBJC_ISA_USAGE = YES_ERROR;
				CLANG_WARN_DOCUMENTATION_COMMENTS = YES;
				CLANG_WARN_EMPTY_BODY = YES;
				CLANG_WARN_ENUM_CONVERSION = YES;
				CLANG_WARN_INFINITE_RECURSION = YES;
				CLANG_WARN_INT_CONVERSION = YES;
				CLANG_WARN_NON_LITERAL_NULL_CONVERSION = YES;
				CLANG_WARN_OBJC_IMPLICIT_RETAIN_SELF = YES;
				CLANG_WARN_OBJC_LITERAL_CONVERSION = YES;
				CLANG_WARN_OBJC_ROOT_CLASS = YES_ERROR;
				CLANG_WARN_QUOTED_INCLUDE_IN_FRAMEWORK_HEADER = YES;
				CLANG_WARN_RANGE_LOOP_ANALYSIS = YES;
				CLANG_WARN_STRICT_PROTOTYPES = YES;
				CLANG_WARN_SUSPICIOUS_MOVE = YES;
				CLANG_WARN_UNGUARDED_AVAILABILITY = YES_AGGRESSIVE;
				CLANG_WARN_UNREACHABLE_CODE = YES;
				CLANG_WARN__DUPLICATE_METHOD_MATCH = YES;
				COPY_PHASE_STRIP = NO;
				DEBUG_INFORMATION_FORMAT = dwarf;
				ENABLE_STRICT_OBJC_MSGSEND = YES;
				ENABLE_TESTABILITY = YES;
				GCC_C_LANGUAGE_STANDARD = gnu11;
				GCC_DYNAMIC_NO_PIC = NO;
				GCC_NO_COMMON_BLOCKS = YES;
				GCC_OPTIMIZATION_LEVEL = 0;
				GCC_PREPROCESSOR_DEFINITIONS = (
					"DEBUG=1",
					"$(inherited)",
				);
				GCC_WARN_64_TO_32_BIT_CONVERSION = YES;
				GCC_WARN_ABOUT_RETURN_TYPE = YES_ERROR;
				GCC_WARN_UNDECLARED_SELECTOR = YES;
				GCC_WARN_UNINITIALIZED_AUTOS = YES_AGGRESSIVE;
				GCC_WARN_UNUSED_FUNCTION = YES;
				GCC_WARN_UNUSED_VARIABLE = YES;
				IPHONEOS_DEPLOYMENT_TARGET = 16.1;
				MTL_ENABLE_DEBUG_INFO = INCLUDE_SOURCE;
				MTL_FAST_MATH = YES;
				ONLY_ACTIVE_ARCH = YES;
				SDKROOT = iphoneos;
				SWIFT_ACTIVE_COMPILATION_CONDITIONS = DEBUG;
				SWIFT_OPTIMIZATION_LEVEL = "-Onone";
			};
			name = Debug;
		};
		D0A4009F2924608C0046BD87 /* Release */ = {
			isa = XCBuildConfiguration;
			buildSettings = {
				ALWAYS_SEARCH_USER_PATHS = NO;
				CLANG_ANALYZER_NONNULL = YES;
				CLANG_ANALYZER_NUMBER_OBJECT_CONVERSION = YES_AGGRESSIVE;
				CLANG_CXX_LANGUAGE_STANDARD = "gnu++20";
				CLANG_ENABLE_MODULES = YES;
				CLANG_ENABLE_OBJC_ARC = YES;
				CLANG_ENABLE_OBJC_WEAK = YES;
				CLANG_WARN_BLOCK_CAPTURE_AUTORELEASING = YES;
				CLANG_WARN_BOOL_CONVERSION = YES;
				CLANG_WARN_COMMA = YES;
				CLANG_WARN_CONSTANT_CONVERSION = YES;
				CLANG_WARN_DEPRECATED_OBJC_IMPLEMENTATIONS = YES;
				CLANG_WARN_DIRECT_OBJC_ISA_USAGE = YES_ERROR;
				CLANG_WARN_DOCUMENTATION_COMMENTS = YES;
				CLANG_WARN_EMPTY_BODY = YES;
				CLANG_WARN_ENUM_CONVERSION = YES;
				CLANG_WARN_INFINITE_RECURSION = YES;
				CLANG_WARN_INT_CONVERSION = YES;
				CLANG_WARN_NON_LITERAL_NULL_CONVERSION = YES;
				CLANG_WARN_OBJC_IMPLICIT_RETAIN_SELF = YES;
				CLANG_WARN_OBJC_LITERAL_CONVERSION = YES;
				CLANG_WARN_OBJC_ROOT_CLASS = YES_ERROR;
				CLANG_WARN_QUOTED_INCLUDE_IN_FRAMEWORK_HEADER = YES;
				CLANG_WARN_RANGE_LOOP_ANALYSIS = YES;
				CLANG_WARN_STRICT_PROTOTYPES = YES;
				CLANG_WARN_SUSPICIOUS_MOVE = YES;
				CLANG_WARN_UNGUARDED_AVAILABILITY = YES_AGGRESSIVE;
				CLANG_WARN_UNREACHABLE_CODE = YES;
				CLANG_WARN__DUPLICATE_METHOD_MATCH = YES;
				COPY_PHASE_STRIP = NO;
				DEBUG_INFORMATION_FORMAT = "dwarf-with-dsym";
				ENABLE_NS_ASSERTIONS = NO;
				ENABLE_STRICT_OBJC_MSGSEND = YES;
				GCC_C_LANGUAGE_STANDARD = gnu11;
				GCC_NO_COMMON_BLOCKS = YES;
				GCC_WARN_64_TO_32_BIT_CONVERSION = YES;
				GCC_WARN_ABOUT_RETURN_TYPE = YES_ERROR;
				GCC_WARN_UNDECLARED_SELECTOR = YES;
				GCC_WARN_UNINITIALIZED_AUTOS = YES_AGGRESSIVE;
				GCC_WARN_UNUSED_FUNCTION = YES;
				GCC_WARN_UNUSED_VARIABLE = YES;
				IPHONEOS_DEPLOYMENT_TARGET = 16.1;
				MTL_ENABLE_DEBUG_INFO = NO;
				MTL_FAST_MATH = YES;
				SDKROOT = iphoneos;
				SWIFT_COMPILATION_MODE = wholemodule;
				SWIFT_OPTIMIZATION_LEVEL = "-O";
				VALIDATE_PRODUCT = YES;
			};
			name = Release;
		};
		D0A400A12924608C0046BD87 /* Debug */ = {
			isa = XCBuildConfiguration;
			buildSettings = {
				ASSETCATALOG_COMPILER_APPICON_NAME = AppIcon;
				ASSETCATALOG_COMPILER_GLOBAL_ACCENT_COLOR_NAME = AccentColor;
				CODE_SIGN_STYLE = Automatic;
				CURRENT_PROJECT_VERSION = 1;
				GENERATE_INFOPLIST_FILE = YES;
				INFOPLIST_FILE = TailTogether/Info.plist;
				INFOPLIST_KEY_UIApplicationSupportsIndirectInputEvents = YES;
				INFOPLIST_KEY_UILaunchStoryboardName = LaunchScreen;
				INFOPLIST_KEY_UIMainStoryboardFile = Main;
				INFOPLIST_KEY_UISupportedInterfaceOrientations_iPad = "UIInterfaceOrientationPortrait UIInterfaceOrientationPortraitUpsideDown UIInterfaceOrientationLandscapeLeft UIInterfaceOrientationLandscapeRight";
				INFOPLIST_KEY_UISupportedInterfaceOrientations_iPhone = "UIInterfaceOrientationPortrait UIInterfaceOrientationLandscapeLeft UIInterfaceOrientationLandscapeRight";
				LD_RUNPATH_SEARCH_PATHS = (
					"$(inherited)",
					"@executable_path/Frameworks",
				);
				MARKETING_VERSION = 1.0;
				PRODUCT_BUNDLE_IDENTIFIER = FAU.TailTogether;
				PRODUCT_NAME = "$(TARGET_NAME)";
				SWIFT_EMIT_LOC_STRINGS = YES;
				SWIFT_VERSION = 5.0;
				TARGETED_DEVICE_FAMILY = "1,2";
			};
			name = Debug;
		};
		D0A400A22924608C0046BD87 /* Release */ = {
			isa = XCBuildConfiguration;
			buildSettings = {
				ASSETCATALOG_COMPILER_APPICON_NAME = AppIcon;
				ASSETCATALOG_COMPILER_GLOBAL_ACCENT_COLOR_NAME = AccentColor;
				CODE_SIGN_STYLE = Automatic;
				CURRENT_PROJECT_VERSION = 1;
				GENERATE_INFOPLIST_FILE = YES;
				INFOPLIST_FILE = TailTogether/Info.plist;
				INFOPLIST_KEY_UIApplicationSupportsIndirectInputEvents = YES;
				INFOPLIST_KEY_UILaunchStoryboardName = LaunchScreen;
				INFOPLIST_KEY_UIMainStoryboardFile = Main;
				INFOPLIST_KEY_UISupportedInterfaceOrientations_iPad = "UIInterfaceOrientationPortrait UIInterfaceOrientationPortraitUpsideDown UIInterfaceOrientationLandscapeLeft UIInterfaceOrientationLandscapeRight";
				INFOPLIST_KEY_UISupportedInterfaceOrientations_iPhone = "UIInterfaceOrientationPortrait UIInterfaceOrientationLandscapeLeft UIInterfaceOrientationLandscapeRight";
				LD_RUNPATH_SEARCH_PATHS = (
					"$(inherited)",
					"@executable_path/Frameworks",
				);
				MARKETING_VERSION = 1.0;
				PRODUCT_BUNDLE_IDENTIFIER = FAU.TailTogether;
				PRODUCT_NAME = "$(TARGET_NAME)";
				SWIFT_EMIT_LOC_STRINGS = YES;
				SWIFT_VERSION = 5.0;
				TARGETED_DEVICE_FAMILY = "1,2";
			};
			name = Release;
		};
		D0A400A42924608C0046BD87 /* Debug */ = {
			isa = XCBuildConfiguration;
			buildSettings = {
				ALWAYS_EMBED_SWIFT_STANDARD_LIBRARIES = YES;
				BUNDLE_LOADER = "$(TEST_HOST)";
				CODE_SIGN_STYLE = Automatic;
				CURRENT_PROJECT_VERSION = 1;
				GENERATE_INFOPLIST_FILE = YES;
				IPHONEOS_DEPLOYMENT_TARGET = 16.1;
				MARKETING_VERSION = 1.0;
				PRODUCT_BUNDLE_IDENTIFIER = FAU.TailTogetherTests;
				PRODUCT_NAME = "$(TARGET_NAME)";
				SWIFT_EMIT_LOC_STRINGS = NO;
				SWIFT_VERSION = 5.0;
				TARGETED_DEVICE_FAMILY = "1,2";
				TEST_HOST = "$(BUILT_PRODUCTS_DIR)/TailTogether.app/$(BUNDLE_EXECUTABLE_FOLDER_PATH)/TailTogether";
			};
			name = Debug;
		};
		D0A400A52924608C0046BD87 /* Release */ = {
			isa = XCBuildConfiguration;
			buildSettings = {
				ALWAYS_EMBED_SWIFT_STANDARD_LIBRARIES = YES;
				BUNDLE_LOADER = "$(TEST_HOST)";
				CODE_SIGN_STYLE = Automatic;
				CURRENT_PROJECT_VERSION = 1;
				GENERATE_INFOPLIST_FILE = YES;
				IPHONEOS_DEPLOYMENT_TARGET = 16.1;
				MARKETING_VERSION = 1.0;
				PRODUCT_BUNDLE_IDENTIFIER = FAU.TailTogetherTests;
				PRODUCT_NAME = "$(TARGET_NAME)";
				SWIFT_EMIT_LOC_STRINGS = NO;
				SWIFT_VERSION = 5.0;
				TARGETED_DEVICE_FAMILY = "1,2";
				TEST_HOST = "$(BUILT_PRODUCTS_DIR)/TailTogether.app/$(BUNDLE_EXECUTABLE_FOLDER_PATH)/TailTogether";
			};
			name = Release;
		};
		D0A400A72924608C0046BD87 /* Debug */ = {
			isa = XCBuildConfiguration;
			buildSettings = {
				ALWAYS_EMBED_SWIFT_STANDARD_LIBRARIES = YES;
				CODE_SIGN_STYLE = Automatic;
				CURRENT_PROJECT_VERSION = 1;
				GENERATE_INFOPLIST_FILE = YES;
				MARKETING_VERSION = 1.0;
				PRODUCT_BUNDLE_IDENTIFIER = FAU.TailTogetherUITests;
				PRODUCT_NAME = "$(TARGET_NAME)";
				SWIFT_EMIT_LOC_STRINGS = NO;
				SWIFT_VERSION = 5.0;
				TARGETED_DEVICE_FAMILY = "1,2";
				TEST_TARGET_NAME = TailTogether;
			};
			name = Debug;
		};
		D0A400A82924608C0046BD87 /* Release */ = {
			isa = XCBuildConfiguration;
			buildSettings = {
				ALWAYS_EMBED_SWIFT_STANDARD_LIBRARIES = YES;
				CODE_SIGN_STYLE = Automatic;
				CURRENT_PROJECT_VERSION = 1;
				GENERATE_INFOPLIST_FILE = YES;
				MARKETING_VERSION = 1.0;
				PRODUCT_BUNDLE_IDENTIFIER = FAU.TailTogetherUITests;
				PRODUCT_NAME = "$(TARGET_NAME)";
				SWIFT_EMIT_LOC_STRINGS = NO;
				SWIFT_VERSION = 5.0;
				TARGETED_DEVICE_FAMILY = "1,2";
				TEST_TARGET_NAME = TailTogether;
			};
			name = Release;
		};
/* End XCBuildConfiguration section */

/* Begin XCConfigurationList section */
		D0A40071292460840046BD87 /* Build configuration list for PBXProject "TailTogether" */ = {
			isa = XCConfigurationList;
			buildConfigurations = (
				D0A4009E2924608C0046BD87 /* Debug */,
				D0A4009F2924608C0046BD87 /* Release */,
			);
			defaultConfigurationIsVisible = 0;
			defaultConfigurationName = Release;
		};
		D0A400A02924608C0046BD87 /* Build configuration list for PBXNativeTarget "TailTogether" */ = {
			isa = XCConfigurationList;
			buildConfigurations = (
				D0A400A12924608C0046BD87 /* Debug */,
				D0A400A22924608C0046BD87 /* Release */,
			);
			defaultConfigurationIsVisible = 0;
			defaultConfigurationName = Release;
		};
		D0A400A32924608C0046BD87 /* Build configuration list for PBXNativeTarget "TailTogetherTests" */ = {
			isa = XCConfigurationList;
			buildConfigurations = (
				D0A400A42924608C0046BD87 /* Debug */,
				D0A400A52924608C0046BD87 /* Release */,
			);
			defaultConfigurationIsVisible = 0;
			defaultConfigurationName = Release;
		};
		D0A400A62924608C0046BD87 /* Build configuration list for PBXNativeTarget "TailTogetherUITests" */ = {
			isa = XCConfigurationList;
			buildConfigurations = (
				D0A400A72924608C0046BD87 /* Debug */,
				D0A400A82924608C0046BD87 /* Release */,
			);
			defaultConfigurationIsVisible = 0;
			defaultConfigurationName = Release;
		};
/* End XCConfigurationList section */
	};
	rootObject = D0A4006E292460840046BD87 /* Project object */;
}
